// !$*UTF8*$!
{
	archiveVersion = 1;
	classes = {
	};
	objectVersion = 50;
	objects = {

/* Begin PBXBuildFile section */
		F68A63522093C5C700DFF8FF /* AppDelegate.swift in Sources */ = {isa = PBXBuildFile; fileRef = F68A63512093C5C700DFF8FF /* AppDelegate.swift */; };
		F68A63542093C5C700DFF8FF /* TabbarController.swift in Sources */ = {isa = PBXBuildFile; fileRef = F68A63532093C5C700DFF8FF /* TabbarController.swift */; };
		F68A63572093C5C700DFF8FF /* Main.storyboard in Resources */ = {isa = PBXBuildFile; fileRef = F68A63552093C5C700DFF8FF /* Main.storyboard */; };
		F68A635A2093C5C700DFF8FF /* TrailerM.xcdatamodeld in Sources */ = {isa = PBXBuildFile; fileRef = F68A63582093C5C700DFF8FF /* TrailerM.xcdatamodeld */; };
		F68A635C2093C5C800DFF8FF /* Assets.xcassets in Resources */ = {isa = PBXBuildFile; fileRef = F68A635B2093C5C800DFF8FF /* Assets.xcassets */; };
		F68A635F2093C5C800DFF8FF /* LaunchScreen.storyboard in Resources */ = {isa = PBXBuildFile; fileRef = F68A635D2093C5C800DFF8FF /* LaunchScreen.storyboard */; };
		F68A636A2093C5C800DFF8FF /* TrailerMTests.swift in Sources */ = {isa = PBXBuildFile; fileRef = F68A63692093C5C800DFF8FF /* TrailerMTests.swift */; };
		F68A63782093C8A700DFF8FF /* TrailerController.swift in Sources */ = {isa = PBXBuildFile; fileRef = F68A63772093C8A700DFF8FF /* TrailerController.swift */; };
		F68A637A2093C8F300DFF8FF /* TrailerCell.swift in Sources */ = {isa = PBXBuildFile; fileRef = F68A63792093C8F300DFF8FF /* TrailerCell.swift */; };
		F68A637E2093D65B00DFF8FF /* FavoriteController.swift in Sources */ = {isa = PBXBuildFile; fileRef = F68A637D2093D65B00DFF8FF /* FavoriteController.swift */; };
		F68A63802093D72300DFF8FF /* favoriteCell.swift in Sources */ = {isa = PBXBuildFile; fileRef = F68A637F2093D72300DFF8FF /* favoriteCell.swift */; };
/* End PBXBuildFile section */

/* Begin PBXContainerItemProxy section */
		F68A63662093C5C800DFF8FF /* PBXContainerItemProxy */ = {
			isa = PBXContainerItemProxy;
			containerPortal = F68A63462093C5C700DFF8FF /* Project object */;
			proxyType = 1;
			remoteGlobalIDString = F68A634D2093C5C700DFF8FF;
			remoteInfo = TrailerM;
		};
/* End PBXContainerItemProxy section */

/* Begin PBXFileReference section */
		F68A634E2093C5C700DFF8FF /* TrailerM.app */ = {isa = PBXFileReference; explicitFileType = wrapper.application; includeInIndex = 0; path = TrailerM.app; sourceTree = BUILT_PRODUCTS_DIR; };
		F68A63512093C5C700DFF8FF /* AppDelegate.swift */ = {isa = PBXFileReference; lastKnownFileType = sourcecode.swift; path = AppDelegate.swift; sourceTree = "<group>"; };
		F68A63532093C5C700DFF8FF /* TabbarController.swift */ = {isa = PBXFileReference; lastKnownFileType = sourcecode.swift; path = TabbarController.swift; sourceTree = "<group>"; };
		F68A63562093C5C700DFF8FF /* Base */ = {isa = PBXFileReference; lastKnownFileType = file.storyboard; name = Base; path = Base.lproj/Main.storyboard; sourceTree = "<group>"; };
		F68A63592093C5C700DFF8FF /* TrailerM.xcdatamodel */ = {isa = PBXFileReference; lastKnownFileType = wrapper.xcdatamodel; path = TrailerM.xcdatamodel; sourceTree = "<group>"; };
		F68A635B2093C5C800DFF8FF /* Assets.xcassets */ = {isa = PBXFileReference; lastKnownFileType = folder.assetcatalog; path = Assets.xcassets; sourceTree = "<group>"; };
		F68A635E2093C5C800DFF8FF /* Base */ = {isa = PBXFileReference; lastKnownFileType = file.storyboard; name = Base; path = Base.lproj/LaunchScreen.storyboard; sourceTree = "<group>"; };
		F68A63602093C5C800DFF8FF /* Info.plist */ = {isa = PBXFileReference; lastKnownFileType = text.plist.xml; path = Info.plist; sourceTree = "<group>"; };
		F68A63652093C5C800DFF8FF /* TrailerMTests.xctest */ = {isa = PBXFileReference; explicitFileType = wrapper.cfbundle; includeInIndex = 0; path = TrailerMTests.xctest; sourceTree = BUILT_PRODUCTS_DIR; };
		F68A63692093C5C800DFF8FF /* TrailerMTests.swift */ = {isa = PBXFileReference; lastKnownFileType = sourcecode.swift; path = TrailerMTests.swift; sourceTree = "<group>"; };
		F68A636B2093C5C800DFF8FF /* Info.plist */ = {isa = PBXFileReference; lastKnownFileType = text.plist.xml; path = Info.plist; sourceTree = "<group>"; };
		F68A63772093C8A700DFF8FF /* TrailerController.swift */ = {isa = PBXFileReference; lastKnownFileType = sourcecode.swift; path = TrailerController.swift; sourceTree = "<group>"; };
		F68A63792093C8F300DFF8FF /* TrailerCell.swift */ = {isa = PBXFileReference; lastKnownFileType = sourcecode.swift; path = TrailerCell.swift; sourceTree = "<group>"; };
		F68A637D2093D65B00DFF8FF /* FavoriteController.swift */ = {isa = PBXFileReference; lastKnownFileType = sourcecode.swift; path = FavoriteController.swift; sourceTree = "<group>"; };
		F68A637F2093D72300DFF8FF /* favoriteCell.swift */ = {isa = PBXFileReference; lastKnownFileType = sourcecode.swift; path = favoriteCell.swift; sourceTree = "<group>"; };
/* End PBXFileReference section */

/* Begin PBXFrameworksBuildPhase section */
		F68A634B2093C5C700DFF8FF /* Frameworks */ = {
			isa = PBXFrameworksBuildPhase;
			buildActionMask = 2147483647;
			files = (
			);
			runOnlyForDeploymentPostprocessing = 0;
		};
		F68A63622093C5C800DFF8FF /* Frameworks */ = {
			isa = PBXFrameworksBuildPhase;
			buildActionMask = 2147483647;
			files = (
			);
			runOnlyForDeploymentPostprocessing = 0;
		};
/* End PBXFrameworksBuildPhase section */

/* Begin PBXGroup section */
		F68A63452093C5C700DFF8FF = {
			isa = PBXGroup;
			children = (
				F68A63502093C5C700DFF8FF /* TrailerM */,
				F68A63682093C5C800DFF8FF /* TrailerMTests */,
				F68A634F2093C5C700DFF8FF /* Products */,
			);
			sourceTree = "<group>";
		};
		F68A634F2093C5C700DFF8FF /* Products */ = {
			isa = PBXGroup;
			children = (
				F68A634E2093C5C700DFF8FF /* TrailerM.app */,
				F68A63652093C5C800DFF8FF /* TrailerMTests.xctest */,
			);
			name = Products;
			sourceTree = "<group>";
		};
		F68A63502093C5C700DFF8FF /* TrailerM */ = {
			isa = PBXGroup;
			children = (
				F68A63762093C89200DFF8FF /* Controller */,
				F68A63752093C88D00DFF8FF /* View */,
				F68A63742093C88900DFF8FF /* Model */,
				F68A63512093C5C700DFF8FF /* AppDelegate.swift */,
				F68A63552093C5C700DFF8FF /* Main.storyboard */,
				F68A635B2093C5C800DFF8FF /* Assets.xcassets */,
				F68A635D2093C5C800DFF8FF /* LaunchScreen.storyboard */,
				F68A63602093C5C800DFF8FF /* Info.plist */,
				F68A63582093C5C700DFF8FF /* TrailerM.xcdatamodeld */,
			);
			path = TrailerM;
			sourceTree = "<group>";
		};
		F68A63682093C5C800DFF8FF /* TrailerMTests */ = {
			isa = PBXGroup;
			children = (
				F68A63692093C5C800DFF8FF /* TrailerMTests.swift */,
				F68A636B2093C5C800DFF8FF /* Info.plist */,
			);
			path = TrailerMTests;
			sourceTree = "<group>";
		};
		F68A63742093C88900DFF8FF /* Model */ = {
			isa = PBXGroup;
			children = (
			);
			path = Model;
			sourceTree = "<group>";
		};
		F68A63752093C88D00DFF8FF /* View */ = {
			isa = PBXGroup;
			children = (
				F68A63792093C8F300DFF8FF /* TrailerCell.swift */,
				F68A637F2093D72300DFF8FF /* favoriteCell.swift */,
			);
			path = View;
			sourceTree = "<group>";
		};
		F68A63762093C89200DFF8FF /* Controller */ = {
			isa = PBXGroup;
			children = (
				F68A63532093C5C700DFF8FF /* TabbarController.swift */,
				F68A63772093C8A700DFF8FF /* TrailerController.swift */,
				F68A637D2093D65B00DFF8FF /* FavoriteController.swift */,
			);
			path = Controller;
			sourceTree = "<group>";
		};
/* End PBXGroup section */

/* Begin PBXNativeTarget section */
		F68A634D2093C5C700DFF8FF /* TrailerM */ = {
			isa = PBXNativeTarget;
			buildConfigurationList = F68A636E2093C5C800DFF8FF /* Build configuration list for PBXNativeTarget "TrailerM" */;
			buildPhases = (
				F68A634A2093C5C700DFF8FF /* Sources */,
				F68A634B2093C5C700DFF8FF /* Frameworks */,
				F68A634C2093C5C700DFF8FF /* Resources */,
			);
			buildRules = (
			);
			dependencies = (
			);
			name = TrailerM;
			productName = TrailerM;
			productReference = F68A634E2093C5C700DFF8FF /* TrailerM.app */;
			productType = "com.apple.product-type.application";
		};
		F68A63642093C5C800DFF8FF /* TrailerMTests */ = {
			isa = PBXNativeTarget;
			buildConfigurationList = F68A63712093C5C800DFF8FF /* Build configuration list for PBXNativeTarget "TrailerMTests" */;
			buildPhases = (
				F68A63612093C5C800DFF8FF /* Sources */,
				F68A63622093C5C800DFF8FF /* Frameworks */,
				F68A63632093C5C800DFF8FF /* Resources */,
			);
			buildRules = (
			);
			dependencies = (
				F68A63672093C5C800DFF8FF /* PBXTargetDependency */,
			);
			name = TrailerMTests;
			productName = TrailerMTests;
			productReference = F68A63652093C5C800DFF8FF /* TrailerMTests.xctest */;
			productType = "com.apple.product-type.bundle.unit-test";
		};
/* End PBXNativeTarget section */

/* Begin PBXProject section */
		F68A63462093C5C700DFF8FF /* Project object */ = {
			isa = PBXProject;
			attributes = {
				LastSwiftUpdateCheck = 0930;
				LastUpgradeCheck = 0930;
				ORGANIZATIONNAME = "gisu kim";
				TargetAttributes = {
					F68A634D2093C5C700DFF8FF = {
						CreatedOnToolsVersion = 9.3;
					};
					F68A63642093C5C800DFF8FF = {
						CreatedOnToolsVersion = 9.3;
						TestTargetID = F68A634D2093C5C700DFF8FF;
					};
				};
			};
			buildConfigurationList = F68A63492093C5C700DFF8FF /* Build configuration list for PBXProject "TrailerM" */;
			compatibilityVersion = "Xcode 9.3";
			developmentRegion = en;
			hasScannedForEncodings = 0;
			knownRegions = (
				en,
				Base,
			);
			mainGroup = F68A63452093C5C700DFF8FF;
			productRefGroup = F68A634F2093C5C700DFF8FF /* Products */;
			projectDirPath = "";
			projectRoot = "";
			targets = (
				F68A634D2093C5C700DFF8FF /* TrailerM */,
				F68A63642093C5C800DFF8FF /* TrailerMTests */,
			);
		};
/* End PBXProject section */

/* Begin PBXResourcesBuildPhase section */
		F68A634C2093C5C700DFF8FF /* Resources */ = {
			isa = PBXResourcesBuildPhase;
			buildActionMask = 2147483647;
			files = (
				F68A635F2093C5C800DFF8FF /* LaunchScreen.storyboard in Resources */,
				F68A635C2093C5C800DFF8FF /* Assets.xcassets in Resources */,
				F68A63572093C5C700DFF8FF /* Main.storyboard in Resources */,
			);
			runOnlyForDeploymentPostprocessing = 0;
		};
		F68A63632093C5C800DFF8FF /* Resources */ = {
			isa = PBXResourcesBuildPhase;
			buildActionMask = 2147483647;
			files = (
			);
			runOnlyForDeploymentPostprocessing = 0;
		};
/* End PBXResourcesBuildPhase section */

/* Begin PBXSourcesBuildPhase section */
		F68A634A2093C5C700DFF8FF /* Sources */ = {
			isa = PBXSourcesBuildPhase;
			buildActionMask = 2147483647;
			files = (
				F68A63542093C5C700DFF8FF /* TabbarController.swift in Sources */,
				F68A637E2093D65B00DFF8FF /* FavoriteController.swift in Sources */,
				F68A637A2093C8F300DFF8FF /* TrailerCell.swift in Sources */,
				F68A63782093C8A700DFF8FF /* TrailerController.swift in Sources */,
				F68A63802093D72300DFF8FF /* favoriteCell.swift in Sources */,
				F68A63522093C5C700DFF8FF /* AppDelegate.swift in Sources */,
				F68A635A2093C5C700DFF8FF /* TrailerM.xcdatamodeld in Sources */,
			);
			runOnlyForDeploymentPostprocessing = 0;
		};
		F68A63612093C5C800DFF8FF /* Sources */ = {
			isa = PBXSourcesBuildPhase;
			buildActionMask = 2147483647;
			files = (
				F68A636A2093C5C800DFF8FF /* TrailerMTests.swift in Sources */,
			);
			runOnlyForDeploymentPostprocessing = 0;
		};
/* End PBXSourcesBuildPhase section */

/* Begin PBXTargetDependency section */
		F68A63672093C5C800DFF8FF /* PBXTargetDependency */ = {
			isa = PBXTargetDependency;
			target = F68A634D2093C5C700DFF8FF /* TrailerM */;
			targetProxy = F68A63662093C5C800DFF8FF /* PBXContainerItemProxy */;
		};
/* End PBXTargetDependency section */

/* Begin PBXVariantGroup section */
		F68A63552093C5C700DFF8FF /* Main.storyboard */ = {
			isa = PBXVariantGroup;
			children = (
				F68A63562093C5C700DFF8FF /* Base */,
			);
			name = Main.storyboard;
			sourceTree = "<group>";
		};
		F68A635D2093C5C800DFF8FF /* LaunchScreen.storyboard */ = {
			isa = PBXVariantGroup;
			children = (
				F68A635E2093C5C800DFF8FF /* Base */,
			);
			name = LaunchScreen.storyboard;
			sourceTree = "<group>";
		};
/* End PBXVariantGroup section */

/* Begin XCBuildConfiguration section */
		F68A636C2093C5C800DFF8FF /* Debug */ = {
			isa = XCBuildConfiguration;
			buildSettings = {
				ALWAYS_SEARCH_USER_PATHS = NO;
				CLANG_ANALYZER_NONNULL = YES;
				CLANG_ANALYZER_NUMBER_OBJECT_CONVERSION = YES_AGGRESSIVE;
				CLANG_CXX_LANGUAGE_STANDARD = "gnu++14";
				CLANG_CXX_LIBRARY = "libc++";
				CLANG_ENABLE_MODULES = YES;
				CLANG_ENABLE_OBJC_ARC = YES;
				CLANG_ENABLE_OBJC_WEAK = YES;
				CLANG_WARN_BLOCK_CAPTURE_AUTORELEASING = YES;
				CLANG_WARN_BOOL_CONVERSION = YES;
				CLANG_WARN_COMMA = YES;
				CLANG_WARN_CONSTANT_CONVERSION = YES;
				CLANG_WARN_DEPRECATED_OBJC_IMPLEMENTATIONS = YES;
				CLANG_WARN_DIRECT_OBJC_ISA_USAGE = YES_ERROR;
				CLANG_WARN_DOCUMENTATION_COMMENTS = YES;
				CLANG_WARN_EMPTY_BODY = YES;
				CLANG_WARN_ENUM_CONVERSION = YES;
				CLANG_WARN_INFINITE_RECURSION = YES;
				CLANG_WARN_INT_CONVERSION = YES;
				CLANG_WARN_NON_LITERAL_NULL_CONVERSION = YES;
				CLANG_WARN_OBJC_IMPLICIT_RETAIN_SELF = YES;
				CLANG_WARN_OBJC_LITERAL_CONVERSION = YES;
				CLANG_WARN_OBJC_ROOT_CLASS = YES_ERROR;
				CLANG_WARN_RANGE_LOOP_ANALYSIS = YES;
				CLANG_WARN_STRICT_PROTOTYPES = YES;
				CLANG_WARN_SUSPICIOUS_MOVE = YES;
				CLANG_WARN_UNGUARDED_AVAILABILITY = YES_AGGRESSIVE;
				CLANG_WARN_UNREACHABLE_CODE = YES;
				CLANG_WARN__DUPLICATE_METHOD_MATCH = YES;
				CODE_SIGN_IDENTITY = "iPhone Developer";
				COPY_PHASE_STRIP = NO;
				DEBUG_INFORMATION_FORMAT = dwarf;
				ENABLE_STRICT_OBJC_MSGSEND = YES;
				ENABLE_TESTABILITY = YES;
				GCC_C_LANGUAGE_STANDARD = gnu11;
				GCC_DYNAMIC_NO_PIC = NO;
				GCC_NO_COMMON_BLOCKS = YES;
				GCC_OPTIMIZATION_LEVEL = 0;
				GCC_PREPROCESSOR_DEFINITIONS = (
					"DEBUG=1",
					"$(inherited)",
				);
				GCC_WARN_64_TO_32_BIT_CONVERSION = YES;
				GCC_WARN_ABOUT_RETURN_TYPE = YES_ERROR;
				GCC_WARN_UNDECLARED_SELECTOR = YES;
				GCC_WARN_UNINITIALIZED_AUTOS = YES_AGGRESSIVE;
				GCC_WARN_UNUSED_FUNCTION = YES;
				GCC_WARN_UNUSED_VARIABLE = YES;
				IPHONEOS_DEPLOYMENT_TARGET = 11.3;
				MTL_ENABLE_DEBUG_INFO = YES;
				ONLY_ACTIVE_ARCH = YES;
				SDKROOT = iphoneos;
				SWIFT_ACTIVE_COMPILATION_CONDITIONS = DEBUG;
				SWIFT_OPTIMIZATION_LEVEL = "-Onone";
			};
			name = Debug;
		};
		F68A636D2093C5C800DFF8FF /* Release */ = {
			isa = XCBuildConfiguration;
			buildSettings = {
				ALWAYS_SEARCH_USER_PATHS = NO;
				CLANG_ANALYZER_NONNULL = YES;
				CLANG_ANALYZER_NUMBER_OBJECT_CONVERSION = YES_AGGRESSIVE;
				CLANG_CXX_LANGUAGE_STANDARD = "gnu++14";
				CLANG_CXX_LIBRARY = "libc++";
				CLANG_ENABLE_MODULES = YES;
				CLANG_ENABLE_OBJC_ARC = YES;
				CLANG_ENABLE_OBJC_WEAK = YES;
				CLANG_WARN_BLOCK_CAPTURE_AUTORELEASING = YES;
				CLANG_WARN_BOOL_CONVERSION = YES;
				CLANG_WARN_COMMA = YES;
				CLANG_WARN_CONSTANT_CONVERSION = YES;
				CLANG_WARN_DEPRECATED_OBJC_IMPLEMENTATIONS = YES;
				CLANG_WARN_DIRECT_OBJC_ISA_USAGE = YES_ERROR;
				CLANG_WARN_DOCUMENTATION_COMMENTS = YES;
				CLANG_WARN_EMPTY_BODY = YES;
				CLANG_WARN_ENUM_CONVERSION = YES;
				CLANG_WARN_INFINITE_RECURSION = YES;
				CLANG_WARN_INT_CONVERSION = YES;
				CLANG_WARN_NON_LITERAL_NULL_CONVERSION = YES;
				CLANG_WARN_OBJC_IMPLICIT_RETAIN_SELF = YES;
				CLANG_WARN_OBJC_LITERAL_CONVERSION = YES;
				CLANG_WARN_OBJC_ROOT_CLASS = YES_ERROR;
				CLANG_WARN_RANGE_LOOP_ANALYSIS = YES;
				CLANG_WARN_STRICT_PROTOTYPES = YES;
				CLANG_WARN_SUSPICIOUS_MOVE = YES;
				CLANG_WARN_UNGUARDED_AVAILABILITY = YES_AGGRESSIVE;
				CLANG_WARN_UNREACHABLE_CODE = YES;
				CLANG_WARN__DUPLICATE_METHOD_MATCH = YES;
				CODE_SIGN_IDENTITY = "iPhone Developer";
				COPY_PHASE_STRIP = NO;
				DEBUG_INFORMATION_FORMAT = "dwarf-with-dsym";
				ENABLE_NS_ASSERTIONS = NO;
				ENABLE_STRICT_OBJC_MSGSEND = YES;
				GCC_C_LANGUAGE_STANDARD = gnu11;
				GCC_NO_COMMON_BLOCKS = YES;
				GCC_WARN_64_TO_32_BIT_CONVERSION = YES;
				GCC_WARN_ABOUT_RETURN_TYPE = YES_ERROR;
				GCC_WARN_UNDECLARED_SELECTOR = YES;
				GCC_WARN_UNINITIALIZED_AUTOS = YES_AGGRESSIVE;
				GCC_WARN_UNUSED_FUNCTION = YES;
				GCC_WARN_UNUSED_VARIABLE = YES;
				IPHONEOS_DEPLOYMENT_TARGET = 11.3;
				MTL_ENABLE_DEBUG_INFO = NO;
				SDKROOT = iphoneos;
				SWIFT_COMPILATION_MODE = wholemodule;
				SWIFT_OPTIMIZATION_LEVEL = "-O";
				VALIDATE_PRODUCT = YES;
			};
			name = Release;
		};
		F68A636F2093C5C800DFF8FF /* Debug */ = {
			isa = XCBuildConfiguration;
			buildSettings = {
				ASSETCATALOG_COMPILER_APPICON_NAME = AppIcon;
				CODE_SIGN_STYLE = Automatic;
				DEVELOPMENT_TEAM = L5BM2QJYB5;
				INFOPLIST_FILE = TrailerM/Info.plist;
				LD_RUNPATH_SEARCH_PATHS = (
					"$(inherited)",
					"@executable_path/Frameworks",
				);
				PRODUCT_BUNDLE_IDENTIFIER = gisukim.TrailerM;
				PRODUCT_NAME = "$(TARGET_NAME)";
				SWIFT_VERSION = 4.0;
				TARGETED_DEVICE_FAMILY = "1,2";
			};
			name = Debug;
		};
		F68A63702093C5C800DFF8FF /* Release */ = {
			isa = XCBuildConfiguration;
			buildSettings = {
				ASSETCATALOG_COMPILER_APPICON_NAME = AppIcon;
				CODE_SIGN_STYLE = Automatic;
				DEVELOPMENT_TEAM = L5BM2QJYB5;
				INFOPLIST_FILE = TrailerM/Info.plist;
				LD_RUNPATH_SEARCH_PATHS = (
					"$(inherited)",
					"@executable_path/Frameworks",
				);
				PRODUCT_BUNDLE_IDENTIFIER = gisukim.TrailerM;
				PRODUCT_NAME = "$(TARGET_NAME)";
				SWIFT_VERSION = 4.0;
				TARGETED_DEVICE_FAMILY = "1,2";
			};
			name = Release;
		};
		F68A63722093C5C800DFF8FF /* Debug */ = {
			isa = XCBuildConfiguration;
			buildSettings = {
				ALWAYS_EMBED_SWIFT_STANDARD_LIBRARIES = YES;
				BUNDLE_LOADER = "$(TEST_HOST)";
				CODE_SIGN_STYLE = Automatic;
				DEVELOPMENT_TEAM = L5BM2QJYB5;
				INFOPLIST_FILE = TrailerMTests/Info.plist;
				LD_RUNPATH_SEARCH_PATHS = (
					"$(inherited)",
					"@executable_path/Frameworks",
					"@loader_path/Frameworks",
				);
				PRODUCT_BUNDLE_IDENTIFIER = gisukim.TrailerMTests;
				PRODUCT_NAME = "$(TARGET_NAME)";
				SWIFT_VERSION = 4.0;
				TARGETED_DEVICE_FAMILY = "1,2";
				TEST_HOST = "$(BUILT_PRODUCTS_DIR)/TrailerM.app/TrailerM";
			};
			name = Debug;
		};
		F68A63732093C5C800DFF8FF /* Release */ = {
			isa = XCBuildConfiguration;
			buildSettings = {
				ALWAYS_EMBED_SWIFT_STANDARD_LIBRARIES = YES;
				BUNDLE_LOADER = "$(TEST_HOST)";
				CODE_SIGN_STYLE = Automatic;
				DEVELOPMENT_TEAM = L5BM2QJYB5;
				INFOPLIST_FILE = TrailerMTests/Info.plist;
				LD_RUNPATH_SEARCH_PATHS = (
					"$(inherited)",
					"@executable_path/Frameworks",
					"@loader_path/Frameworks",
				);
				PRODUCT_BUNDLE_IDENTIFIER = gisukim.TrailerMTests;
				PRODUCT_NAME = "$(TARGET_NAME)";
				SWIFT_VERSION = 4.0;
				TARGETED_DEVICE_FAMILY = "1,2";
				TEST_HOST = "$(BUILT_PRODUCTS_DIR)/TrailerM.app/TrailerM";
			};
			name = Release;
		};
/* End XCBuildConfiguration section */

/* Begin XCConfigurationList section */
		F68A63492093C5C700DFF8FF /* Build configuration list for PBXProject "TrailerM" */ = {
			isa = XCConfigurationList;
			buildConfigurations = (
				F68A636C2093C5C800DFF8FF /* Debug */,
				F68A636D2093C5C800DFF8FF /* Release */,
			);
			defaultConfigurationIsVisible = 0;
			defaultConfigurationName = Release;
		};
		F68A636E2093C5C800DFF8FF /* Build configuration list for PBXNativeTarget "TrailerM" */ = {
			isa = XCConfigurationList;
			buildConfigurations = (
				F68A636F2093C5C800DFF8FF /* Debug */,
				F68A63702093C5C800DFF8FF /* Release */,
			);
			defaultConfigurationIsVisible = 0;
			defaultConfigurationName = Release;
		};
		F68A63712093C5C800DFF8FF /* Build configuration list for PBXNativeTarget "TrailerMTests" */ = {
			isa = XCConfigurationList;
			buildConfigurations = (
				F68A63722093C5C800DFF8FF /* Debug */,
				F68A63732093C5C800DFF8FF /* Release */,
			);
			defaultConfigurationIsVisible = 0;
			defaultConfigurationName = Release;
		};
/* End XCConfigurationList section */

/* Begin XCVersionGroup section */
		F68A63582093C5C700DFF8FF /* TrailerM.xcdatamodeld */ = {
			isa = XCVersionGroup;
			children = (
				F68A63592093C5C700DFF8FF /* TrailerM.xcdatamodel */,
			);
			currentVersion = F68A63592093C5C700DFF8FF /* TrailerM.xcdatamodel */;
			path = TrailerM.xcdatamodeld;
			sourceTree = "<group>";
			versionGroupType = wrapper.xcdatamodel;
		};
/* End XCVersionGroup section */
	};
	rootObject = F68A63462093C5C700DFF8FF /* Project object */;
}
